
Microsoft Visual Studio Solution File, Format Version 12.00
# Visual Studio Version 17
VisualStudioVersion = 17.0.32014.148
MinimumVisualStudioVersion = 10.0.40219.1
Project("{FAE04EC0-301F-11D3-BF4B-00C04F79EFBC}") = "Northwind.Entites", "Northwind.Entites\Northwind.Entites.csproj", "{BDA2E18B-299A-4D20-8A71-5F0DC50C162E}"
EndProject
Project("{FAE04EC0-301F-11D3-BF4B-00C04F79EFBC}") = "Northwind.DataAccess", "Northwind.DataAccess\Northwind.DataAccess.csproj", "{42D8EC5B-ACAC-4367-BC45-214716358A53}"
EndProject
Project("{FAE04EC0-301F-11D3-BF4B-00C04F79EFBC}") = "Northwind.Business", "Northwind.Business\Northwind.Business.csproj", "{C1A90A4E-9DF2-4775-B6BF-6060D3613856}"
EndProject
Project("{FAE04EC0-301F-11D3-BF4B-00C04F79EFBC}") = "Northwind.UI", "Northwind.UI\Northwind.UI.csproj", "{7CA8038B-EFC6-4AE0-B3AF-D169E70AABDF}"
EndProject
Global
	GlobalSection(SolutionConfigurationPlatforms) = preSolution
		Debug|Any CPU = Debug|Any CPU
		Release|Any CPU = Release|Any CPU
	EndGlobalSection
	GlobalSection(ProjectConfigurationPlatforms) = postSolution
		{BDA2E18B-299A-4D20-8A71-5F0DC50C162E}.Debug|Any CPU.ActiveCfg = Debug|Any CPU
		{BDA2E18B-299A-4D20-8A71-5F0DC50C162E}.Debug|Any CPU.Build.0 = Debug|Any CPU
		{BDA2E18B-299A-4D20-8A71-5F0DC50C162E}.Release|Any CPU.ActiveCfg = Release|Any CPU
		{BDA2E18B-299A-4D20-8A71-5F0DC50C162E}.Release|Any CPU.Build.0 = Release|Any CPU
		{42D8EC5B-ACAC-4367-BC45-214716358A53}.Debug|Any CPU.ActiveCfg = Debug|Any CPU
		{42D8EC5B-ACAC-4367-BC45-214716358A53}.Debug|Any CPU.Build.0 = Debug|Any CPU
		{42D8EC5B-ACAC-4367-BC45-214716358A53}.Release|Any CPU.ActiveCfg = Release|Any CPU
		{42D8EC5B-ACAC-4367-BC45-214716358A53}.Release|Any CPU.Build.0 = Release|Any CPU
		{C1A90A4E-9DF2-4775-B6BF-6060D3613856}.Debug|Any CPU.ActiveCfg = Debug|Any CPU
		{C1A90A4E-9DF2-4775-B6BF-6060D3613856}.Debug|Any CPU.Build.0 = Debug|Any CPU
		{C1A90A4E-9DF2-4775-B6BF-6060D3613856}.Release|Any CPU.ActiveCfg = Release|Any CPU
		{C1A90A4E-9DF2-4775-B6BF-6060D3613856}.Release|Any CPU.Build.0 = Release|Any CPU
		{7CA8038B-EFC6-4AE0-B3AF-D169E70AABDF}.Debug|Any CPU.ActiveCfg = Debug|Any CPU
		{7CA8038B-EFC6-4AE0-B3AF-D169E70AABDF}.Debug|Any CPU.Build.0 = Debug|Any CPU
		{7CA8038B-EFC6-4AE0-B3AF-D169E70AABDF}.Release|Any CPU.ActiveCfg = Release|Any CPU
		{7CA8038B-EFC6-4AE0-B3AF-D169E70AABDF}.Release|Any CPU.Build.0 = Release|Any CPU
	EndGlobalSection
	GlobalSection(SolutionProperties) = preSolution
		HideSolutionNode = FALSE
	EndGlobalSection
	GlobalSection(ExtensibilityGlobals) = postSolution
		SolutionGuid = {3218964B-866A-4F1D-8966-0EECB45AEA95}
	EndGlobalSection
EndGlobal
